Microsoft Visual Studio Solution File, Format Version 12.00
# Visual Studio Version 17
VisualStudioVersion = 17.5.2.0
MinimumVisualStudioVersion = 10.0.40219.1
Project("{FAE04EC0-301F-11D3-BF4B-00C04F79EFBC}") = "MauiBmiCalculator.Tests", "MauiBmiCalculator.Tests.csproj", "{E154EF91-1D4E-2A50-7EC8-E91DB4E4CE21}"
EndProject
Global
	GlobalSection(SolutionConfigurationPlatforms) = preSolution
		Debug|Any CPU = Debug|Any CPU
		Release|Any CPU = Release|Any CPU
	EndGlobalSection
	GlobalSection(ProjectConfigurationPlatforms) = postSolution
		{E154EF91-1D4E-2A50-7EC8-E91DB4E4CE21}.Debug|Any CPU.ActiveCfg = Debug|Any CPU
		{E154EF91-1D4E-2A50-7EC8-E91DB4E4CE21}.Debug|Any CPU.Build.0 = Debug|Any CPU
		{E154EF91-1D4E-2A50-7EC8-E91DB4E4CE21}.Release|Any CPU.ActiveCfg = Release|Any CPU
		{E154EF91-1D4E-2A50-7EC8-E91DB4E4CE21}.Release|Any CPU.Build.0 = Release|Any CPU
	EndGlobalSection
	GlobalSection(SolutionProperties) = preSolution
		HideSolutionNode = FALSE
	EndGlobalSection
	GlobalSection(ExtensibilityGlobals) = postSolution
		SolutionGuid = {E0BA2998-1EBA-4262-9863-5ED643D82815}
	EndGlobalSection
EndGlobal
